// !$*UTF8*$!
{
	archiveVersion = 1;
	classes = {
	};
	objectVersion = 50;
	objects = {

/* Begin PBXBuildFile section */
		C67012772354EDD900BFCE52 /* collectionsListTableViewController.swift in Sources */ = {isa = PBXBuildFile; fileRef = C67012762354EDD900BFCE52 /* collectionsListTableViewController.swift */; };
		C67FB1E2234D46F800AB86E3 /* Collection.swift in Sources */ = {isa = PBXBuildFile; fileRef = C67FB1E1234D46F800AB86E3 /* Collection.swift */; };
		C69D0F03234FF8C7004C4071 /* CollectionsNameViewController.swift in Sources */ = {isa = PBXBuildFile; fileRef = C69D0F02234FF8C7004C4071 /* CollectionsNameViewController.swift */; };
		C69D0F05234FF9AA004C4071 /* CollectionName.swift in Sources */ = {isa = PBXBuildFile; fileRef = C69D0F04234FF9AA004C4071 /* CollectionName.swift */; };
		C69D0F07234FFA94004C4071 /* CollectionNameTableViewCell.swift in Sources */ = {isa = PBXBuildFile; fileRef = C69D0F06234FFA94004C4071 /* CollectionNameTableViewCell.swift */; };
		C69D0F09234FFCCB004C4071 /* CollectionNameTableViewController.swift in Sources */ = {isa = PBXBuildFile; fileRef = C69D0F08234FFCCB004C4071 /* CollectionNameTableViewController.swift */; };
		C6B362BE2333E2FC00087505 /* AppDelegate.swift in Sources */ = {isa = PBXBuildFile; fileRef = C6B362BD2333E2FC00087505 /* AppDelegate.swift */; };
		C6B362C02333E2FC00087505 /* ViewController.swift in Sources */ = {isa = PBXBuildFile; fileRef = C6B362BF2333E2FC00087505 /* ViewController.swift */; };
		C6B362C32333E2FC00087505 /* Main.storyboard in Resources */ = {isa = PBXBuildFile; fileRef = C6B362C12333E2FC00087505 /* Main.storyboard */; };
		C6B362C52333E2FD00087505 /* Assets.xcassets in Resources */ = {isa = PBXBuildFile; fileRef = C6B362C42333E2FD00087505 /* Assets.xcassets */; };
		C6B362C82333E2FD00087505 /* LaunchScreen.storyboard in Resources */ = {isa = PBXBuildFile; fileRef = C6B362C62333E2FD00087505 /* LaunchScreen.storyboard */; };
		C6F95AE82346CF40005E2D3B /* collectionsListTableViewCell.swift in Sources */ = {isa = PBXBuildFile; fileRef = C6F95AE72346CF40005E2D3B /* collectionsListTableViewCell.swift */; };
/* End PBXBuildFile section */

/* Begin PBXFileReference section */
		C67012762354EDD900BFCE52 /* collectionsListTableViewController.swift */ = {isa = PBXFileReference; lastKnownFileType = sourcecode.swift; name = collectionsListTableViewController.swift; path = ../collectionsListTableViewController.swift; sourceTree = "<group>"; };
		C67FB1E1234D46F800AB86E3 /* Collection.swift */ = {isa = PBXFileReference; lastKnownFileType = sourcecode.swift; path = Collection.swift; sourceTree = "<group>"; };
		C69D0F02234FF8C7004C4071 /* CollectionsNameViewController.swift */ = {isa = PBXFileReference; lastKnownFileType = sourcecode.swift; path = CollectionsNameViewController.swift; sourceTree = "<group>"; };
		C69D0F04234FF9AA004C4071 /* CollectionName.swift */ = {isa = PBXFileReference; lastKnownFileType = sourcecode.swift; path = CollectionName.swift; sourceTree = "<group>"; };
		C69D0F06234FFA94004C4071 /* CollectionNameTableViewCell.swift */ = {isa = PBXFileReference; lastKnownFileType = sourcecode.swift; path = CollectionNameTableViewCell.swift; sourceTree = "<group>"; };
		C69D0F08234FFCCB004C4071 /* CollectionNameTableViewController.swift */ = {isa = PBXFileReference; lastKnownFileType = sourcecode.swift; path = CollectionNameTableViewController.swift; sourceTree = "<group>"; };
		C6B362BA2333E2FC00087505 /* Collections.app */ = {isa = PBXFileReference; explicitFileType = wrapper.application; includeInIndex = 0; path = Collections.app; sourceTree = BUILT_PRODUCTS_DIR; };
		C6B362BD2333E2FC00087505 /* AppDelegate.swift */ = {isa = PBXFileReference; lastKnownFileType = sourcecode.swift; path = AppDelegate.swift; sourceTree = "<group>"; };
		C6B362BF2333E2FC00087505 /* ViewController.swift */ = {isa = PBXFileReference; lastKnownFileType = sourcecode.swift; path = ViewController.swift; sourceTree = "<group>"; };
		C6B362C22333E2FC00087505 /* Base */ = {isa = PBXFileReference; lastKnownFileType = file.storyboard; name = Base; path = Base.lproj/Main.storyboard; sourceTree = "<group>"; };
		C6B362C42333E2FD00087505 /* Assets.xcassets */ = {isa = PBXFileReference; lastKnownFileType = folder.assetcatalog; path = Assets.xcassets; sourceTree = "<group>"; };
		C6B362C72333E2FD00087505 /* Base */ = {isa = PBXFileReference; lastKnownFileType = file.storyboard; name = Base; path = Base.lproj/LaunchScreen.storyboard; sourceTree = "<group>"; };
		C6B362C92333E2FD00087505 /* Info.plist */ = {isa = PBXFileReference; lastKnownFileType = text.plist.xml; path = Info.plist; sourceTree = "<group>"; };
		C6F95AE72346CF40005E2D3B /* collectionsListTableViewCell.swift */ = {isa = PBXFileReference; lastKnownFileType = sourcecode.swift; path = collectionsListTableViewCell.swift; sourceTree = "<group>"; };
/* End PBXFileReference section */

/* Begin PBXFrameworksBuildPhase section */
		C6B362B72333E2FC00087505 /* Frameworks */ = {
			isa = PBXFrameworksBuildPhase;
			buildActionMask = 2147483647;
			files = (
			);
			runOnlyForDeploymentPostprocessing = 0;
		};
/* End PBXFrameworksBuildPhase section */

/* Begin PBXGroup section */
		C6B362B12333E2FC00087505 = {
			isa = PBXGroup;
			children = (
				C6B362BC2333E2FC00087505 /* Collections */,
				C6B362BB2333E2FC00087505 /* Products */,
			);
			sourceTree = "<group>";
		};
		C6B362BB2333E2FC00087505 /* Products */ = {
			isa = PBXGroup;
			children = (
				C6B362BA2333E2FC00087505 /* Collections.app */,
			);
			name = Products;
			sourceTree = "<group>";
		};
		C6B362BC2333E2FC00087505 /* Collections */ = {
			isa = PBXGroup;
			children = (
				C6B362BD2333E2FC00087505 /* AppDelegate.swift */,
				C6B362BF2333E2FC00087505 /* ViewController.swift */,
				C69D0F02234FF8C7004C4071 /* CollectionsNameViewController.swift */,
				C67FB1E1234D46F800AB86E3 /* Collection.swift */,
				C67012762354EDD900BFCE52 /* collectionsListTableViewController.swift */,
				C6F95AE72346CF40005E2D3B /* collectionsListTableViewCell.swift */,
				C6B362C12333E2FC00087505 /* Main.storyboard */,
				C69D0F04234FF9AA004C4071 /* CollectionName.swift */,
				C69D0F06234FFA94004C4071 /* CollectionNameTableViewCell.swift */,
				C69D0F08234FFCCB004C4071 /* CollectionNameTableViewController.swift */,
				C6B362C42333E2FD00087505 /* Assets.xcassets */,
				C6B362C62333E2FD00087505 /* LaunchScreen.storyboard */,
				C6B362C92333E2FD00087505 /* Info.plist */,
			);
			path = Collections;
			sourceTree = "<group>";
		};
/* End PBXGroup section */

/* Begin PBXNativeTarget section */
		C6B362B92333E2FC00087505 /* Collections */ = {
			isa = PBXNativeTarget;
			buildConfigurationList = C6B362CC2333E2FD00087505 /* Build configuration list for PBXNativeTarget "Collections" */;
			buildPhases = (
				C6B362B62333E2FC00087505 /* Sources */,
				C6B362B72333E2FC00087505 /* Frameworks */,
				C6B362B82333E2FC00087505 /* Resources */,
			);
			buildRules = (
			);
			dependencies = (
			);
			name = Collections;
			productName = Collections;
			productReference = C6B362BA2333E2FC00087505 /* Collections.app */;
			productType = "com.apple.product-type.application";
		};
/* End PBXNativeTarget section */

/* Begin PBXProject section */
		C6B362B22333E2FC00087505 /* Project object */ = {
			isa = PBXProject;
			attributes = {
				LastSwiftUpdateCheck = 1030;
				LastUpgradeCheck = 1030;
				ORGANIZATIONNAME = "Boise State";
				TargetAttributes = {
					C6B362B92333E2FC00087505 = {
						CreatedOnToolsVersion = 10.3;
					};
				};
			};
			buildConfigurationList = C6B362B52333E2FC00087505 /* Build configuration list for PBXProject "Collections" */;
			compatibilityVersion = "Xcode 9.3";
			developmentRegion = en;
			hasScannedForEncodings = 0;
			knownRegions = (
				en,
				Base,
			);
			mainGroup = C6B362B12333E2FC00087505;
			productRefGroup = C6B362BB2333E2FC00087505 /* Products */;
			projectDirPath = "";
			projectRoot = "";
			targets = (
				C6B362B92333E2FC00087505 /* Collections */,
			);
		};
/* End PBXProject section */

/* Begin PBXResourcesBuildPhase section */
		C6B362B82333E2FC00087505 /* Resources */ = {
			isa = PBXResourcesBuildPhase;
			buildActionMask = 2147483647;
			files = (
				C6B362C82333E2FD00087505 /* LaunchScreen.storyboard in Resources */,
				C6B362C52333E2FD00087505 /* Assets.xcassets in Resources */,
				C6B362C32333E2FC00087505 /* Main.storyboard in Resources */,
			);
			runOnlyForDeploymentPostprocessing = 0;
		};
/* End PBXResourcesBuildPhase section */

/* Begin PBXSourcesBuildPhase section */
		C6B362B62333E2FC00087505 /* Sources */ = {
			isa = PBXSourcesBuildPhase;
			buildActionMask = 2147483647;
			files = (
				C69D0F05234FF9AA004C4071 /* CollectionName.swift in Sources */,
				C6B362C02333E2FC00087505 /* ViewController.swift in Sources */,
				C67FB1E2234D46F800AB86E3 /* Collection.swift in Sources */,
				C67012772354EDD900BFCE52 /* collectionsListTableViewController.swift in Sources */,
				C69D0F07234FFA94004C4071 /* CollectionNameTableViewCell.swift in Sources */,
				C6B362BE2333E2FC00087505 /* AppDelegate.swift in Sources */,
				C69D0F09234FFCCB004C4071 /* CollectionNameTableViewController.swift in Sources */,
				C6F95AE82346CF40005E2D3B /* collectionsListTableViewCell.swift in Sources */,
				C69D0F03234FF8C7004C4071 /* CollectionsNameViewController.swift in Sources */,
			);
			runOnlyForDeploymentPostprocessing = 0;
		};
/* End PBXSourcesBuildPhase section */

/* Begin PBXVariantGroup section */
		C6B362C12333E2FC00087505 /* Main.storyboard */ = {
			isa = PBXVariantGroup;
			children = (
				C6B362C22333E2FC00087505 /* Base */,
			);
			name = Main.storyboard;
			sourceTree = "<group>";
		};
		C6B362C62333E2FD00087505 /* LaunchScreen.storyboard */ = {
			isa = PBXVariantGroup;
			children = (
				C6B362C72333E2FD00087505 /* Base */,
			);
			name = LaunchScreen.storyboard;
			sourceTree = "<group>";
		};
/* End PBXVariantGroup section */

/* Begin XCBuildConfiguration section */
		C6B362CA2333E2FD00087505 /* Debug */ = {
			isa = XCBuildConfiguration;
			buildSettings = {
				ALWAYS_SEARCH_USER_PATHS = NO;
				CLANG_ANALYZER_NONNULL = YES;
				CLANG_ANALYZER_NUMBER_OBJECT_CONVERSION = YES_AGGRESSIVE;
				CLANG_CXX_LANGUAGE_STANDARD = "gnu++14";
				CLANG_CXX_LIBRARY = "libc++";
				CLANG_ENABLE_MODULES = YES;
				CLANG_ENABLE_OBJC_ARC = YES;
				CLANG_ENABLE_OBJC_WEAK = YES;
				CLANG_WARN_BLOCK_CAPTURE_AUTORELEASING = YES;
				CLANG_WARN_BOOL_CONVERSION = YES;
				CLANG_WARN_COMMA = YES;
				CLANG_WARN_CONSTANT_CONVERSION = YES;
				CLANG_WARN_DEPRECATED_OBJC_IMPLEMENTATIONS = YES;
				CLANG_WARN_DIRECT_OBJC_ISA_USAGE = YES_ERROR;
				CLANG_WARN_DOCUMENTATION_COMMENTS = YES;
				CLANG_WARN_EMPTY_BODY = YES;
				CLANG_WARN_ENUM_CONVERSION = YES;
				CLANG_WARN_INFINITE_RECURSION = YES;
				CLANG_WARN_INT_CONVERSION = YES;
				CLANG_WARN_NON_LITERAL_NULL_CONVERSION = YES;
				CLANG_WARN_OBJC_IMPLICIT_RETAIN_SELF = YES;
				CLANG_WARN_OBJC_LITERAL_CONVERSION = YES;
				CLANG_WARN_OBJC_ROOT_CLASS = YES_ERROR;
				CLANG_WARN_RANGE_LOOP_ANALYSIS = YES;
				CLANG_WARN_STRICT_PROTOTYPES = YES;
				CLANG_WARN_SUSPICIOUS_MOVE = YES;
				CLANG_WARN_UNGUARDED_AVAILABILITY = YES_AGGRESSIVE;
				CLANG_WARN_UNREACHABLE_CODE = YES;
				CLANG_WARN__DUPLICATE_METHOD_MATCH = YES;
				CODE_SIGN_IDENTITY = "iPhone Developer";
				COPY_PHASE_STRIP = NO;
				DEBUG_INFORMATION_FORMAT = dwarf;
				ENABLE_STRICT_OBJC_MSGSEND = YES;
				ENABLE_TESTABILITY = YES;
				GCC_C_LANGUAGE_STANDARD = gnu11;
				GCC_DYNAMIC_NO_PIC = NO;
				GCC_NO_COMMON_BLOCKS = YES;
				GCC_OPTIMIZATION_LEVEL = 0;
				GCC_PREPROCESSOR_DEFINITIONS = (
					"DEBUG=1",
					"$(inherited)",
				);
				GCC_WARN_64_TO_32_BIT_CONVERSION = YES;
				GCC_WARN_ABOUT_RETURN_TYPE = YES_ERROR;
				GCC_WARN_UNDECLARED_SELECTOR = YES;
				GCC_WARN_UNINITIALIZED_AUTOS = YES_AGGRESSIVE;
				GCC_WARN_UNUSED_FUNCTION = YES;
				GCC_WARN_UNUSED_VARIABLE = YES;
				IPHONEOS_DEPLOYMENT_TARGET = 12.4;
				MTL_ENABLE_DEBUG_INFO = INCLUDE_SOURCE;
				MTL_FAST_MATH = YES;
				ONLY_ACTIVE_ARCH = YES;
				SDKROOT = iphoneos;
				SWIFT_ACTIVE_COMPILATION_CONDITIONS = DEBUG;
				SWIFT_OPTIMIZATION_LEVEL = "-Onone";
			};
			name = Debug;
		};
		C6B362CB2333E2FD00087505 /* Release */ = {
			isa = XCBuildConfiguration;
			buildSettings = {
				ALWAYS_SEARCH_USER_PATHS = NO;
				CLANG_ANALYZER_NONNULL = YES;
				CLANG_ANALYZER_NUMBER_OBJECT_CONVERSION = YES_AGGRESSIVE;
				CLANG_CXX_LANGUAGE_STANDARD = "gnu++14";
				CLANG_CXX_LIBRARY = "libc++";
				CLANG_ENABLE_MODULES = YES;
				CLANG_ENABLE_OBJC_ARC = YES;
				CLANG_ENABLE_OBJC_WEAK = YES;
				CLANG_WARN_BLOCK_CAPTURE_AUTORELEASING = YES;
				CLANG_WARN_BOOL_CONVERSION = YES;
				CLANG_WARN_COMMA = YES;
				CLANG_WARN_CONSTANT_CONVERSION = YES;
				CLANG_WARN_DEPRECATED_OBJC_IMPLEMENTATIONS = YES;
				CLANG_WARN_DIRECT_OBJC_ISA_USAGE = YES_ERROR;
				CLANG_WARN_DOCUMENTATION_COMMENTS = YES;
				CLANG_WARN_EMPTY_BODY = YES;
				CLANG_WARN_ENUM_CONVERSION = YES;
				CLANG_WARN_INFINITE_RECURSION = YES;
				CLANG_WARN_INT_CONVERSION = YES;
				CLANG_WARN_NON_LITERAL_NULL_CONVERSION = YES;
				CLANG_WARN_OBJC_IMPLICIT_RETAIN_SELF = YES;
				CLANG_WARN_OBJC_LITERAL_CONVERSION = YES;
				CLANG_WARN_OBJC_ROOT_CLASS = YES_ERROR;
				CLANG_WARN_RANGE_LOOP_ANALYSIS = YES;
				CLANG_WARN_STRICT_PROTOTYPES = YES;
				CLANG_WARN_SUSPICIOUS_MOVE = YES;
				CLANG_WARN_UNGUARDED_AVAILABILITY = YES_AGGRESSIVE;
				CLANG_WARN_UNREACHABLE_CODE = YES;
				CLANG_WARN__DUPLICATE_METHOD_MATCH = YES;
				CODE_SIGN_IDENTITY = "iPhone Developer";
				COPY_PHASE_STRIP = NO;
				DEBUG_INFORMATION_FORMAT = "dwarf-with-dsym";
				ENABLE_NS_ASSERTIONS = NO;
				ENABLE_STRICT_OBJC_MSGSEND = YES;
				GCC_C_LANGUAGE_STANDARD = gnu11;
				GCC_NO_COMMON_BLOCKS = YES;
				GCC_WARN_64_TO_32_BIT_CONVERSION = YES;
				GCC_WARN_ABOUT_RETURN_TYPE = YES_ERROR;
				GCC_WARN_UNDECLARED_SELECTOR = YES;
				GCC_WARN_UNINITIALIZED_AUTOS = YES_AGGRESSIVE;
				GCC_WARN_UNUSED_FUNCTION = YES;
				GCC_WARN_UNUSED_VARIABLE = YES;
				IPHONEOS_DEPLOYMENT_TARGET = 12.4;
				MTL_ENABLE_DEBUG_INFO = NO;
				MTL_FAST_MATH = YES;
				SDKROOT = iphoneos;
				SWIFT_COMPILATION_MODE = wholemodule;
				SWIFT_OPTIMIZATION_LEVEL = "-O";
				VALIDATE_PRODUCT = YES;
			};
			name = Release;
		};
		C6B362CD2333E2FD00087505 /* Debug */ = {
			isa = XCBuildConfiguration;
			buildSettings = {
				ASSETCATALOG_COMPILER_APPICON_NAME = AppIcon;
				CODE_SIGN_STYLE = Automatic;
				DEVELOPMENT_TEAM = FL736AMLC9;
				INFOPLIST_FILE = Collections/Info.plist;
				LD_RUNPATH_SEARCH_PATHS = (
					"$(inherited)",
					"@executable_path/Frameworks",
				);
				PRODUCT_BUNDLE_IDENTIFIER = edu.boisestate.Collections;
				PRODUCT_NAME = "$(TARGET_NAME)";
				SWIFT_VERSION = 5.0;
				TARGETED_DEVICE_FAMILY = "1,2";
			};
			name = Debug;
		};
		C6B362CE2333E2FD00087505 /* Release */ = {
			isa = XCBuildConfiguration;
			buildSettings = {
				ASSETCATALOG_COMPILER_APPICON_NAME = AppIcon;
				CODE_SIGN_STYLE = Automatic;
				DEVELOPMENT_TEAM = FL736AMLC9;
				INFOPLIST_FILE = Collections/Info.plist;
				LD_RUNPATH_SEARCH_PATHS = (
					"$(inherited)",
					"@executable_path/Frameworks",
				);
				PRODUCT_BUNDLE_IDENTIFIER = edu.boisestate.Collections;
				PRODUCT_NAME = "$(TARGET_NAME)";
				SWIFT_VERSION = 5.0;
				TARGETED_DEVICE_FAMILY = "1,2";
			};
			name = Release;
		};
/* End XCBuildConfiguration section */

/* Begin XCConfigurationList section */
		C6B362B52333E2FC00087505 /* Build configuration list for PBXProject "Collections" */ = {
			isa = XCConfigurationList;
			buildConfigurations = (
				C6B362CA2333E2FD00087505 /* Debug */,
				C6B362CB2333E2FD00087505 /* Release */,
			);
			defaultConfigurationIsVisible = 0;
			defaultConfigurationName = Release;
		};
		C6B362CC2333E2FD00087505 /* Build configuration list for PBXNativeTarget "Collections" */ = {
			isa = XCConfigurationList;
			buildConfigurations = (
				C6B362CD2333E2FD00087505 /* Debug */,
				C6B362CE2333E2FD00087505 /* Release */,
			);
			defaultConfigurationIsVisible = 0;
			defaultConfigurationName = Release;
		};
/* End XCConfigurationList section */
	};
	rootObject = C6B362B22333E2FC00087505 /* Project object */;
}
